
Microsoft Visual Studio Solution File, Format Version 12.00
# Visual Studio Version 17
VisualStudioVersion = 17.4.33205.214
MinimumVisualStudioVersion = 10.0.40219.1
Project("{9A19103F-16F7-4668-BE54-9A1E7A4F7556}") = "DictionariesForms", "DictionariesForms\DictionariesForms.csproj", "{ED186AE7-DB43-4291-93A8-1865084FBD19}"
EndProject
Project("{9A19103F-16F7-4668-BE54-9A1E7A4F7556}") = "DataAccess", "DataAccess\DataAccess.csproj", "{C6CCBA35-05E6-48BE-9E56-F9BB3CA8355C}"
EndProject
Global
	GlobalSection(SolutionConfigurationPlatforms) = preSolution
		Debug|Any CPU = Debug|Any CPU
		Release|Any CPU = Release|Any CPU
	EndGlobalSection
	GlobalSection(ProjectConfigurationPlatforms) = postSolution
		{ED186AE7-DB43-4291-93A8-1865084FBD19}.Debug|Any CPU.ActiveCfg = Debug|Any CPU
		{ED186AE7-DB43-4291-93A8-1865084FBD19}.Debug|Any CPU.Build.0 = Debug|Any CPU
		{ED186AE7-DB43-4291-93A8-1865084FBD19}.Release|Any CPU.ActiveCfg = Release|Any CPU
		{ED186AE7-DB43-4291-93A8-1865084FBD19}.Release|Any CPU.Build.0 = Release|Any CPU
		{C6CCBA35-05E6-48BE-9E56-F9BB3CA8355C}.Debug|Any CPU.ActiveCfg = Debug|Any CPU
		{C6CCBA35-05E6-48BE-9E56-F9BB3CA8355C}.Debug|Any CPU.Build.0 = Debug|Any CPU
		{C6CCBA35-05E6-48BE-9E56-F9BB3CA8355C}.Release|Any CPU.ActiveCfg = Release|Any CPU
		{C6CCBA35-05E6-48BE-9E56-F9BB3CA8355C}.Release|Any CPU.Build.0 = Release|Any CPU
	EndGlobalSection
	GlobalSection(SolutionProperties) = preSolution
		HideSolutionNode = FALSE
	EndGlobalSection
	GlobalSection(ExtensibilityGlobals) = postSolution
		SolutionGuid = {F8C99698-4A29-4263-BDA1-A0278A462BDA}
	EndGlobalSection
EndGlobal
