
Microsoft Visual Studio Solution File, Format Version 12.00
# Visual Studio Version 17
VisualStudioVersion = 17.4.33205.214
MinimumVisualStudioVersion = 10.0.40219.1
Project("{FAE04EC0-301F-11D3-BF4B-00C04F79EFBC}") = "XmlParser", "XmlParser\XmlParser.csproj", "{4A0F8180-D691-42C7-AD57-344D21E2AB03}"
EndProject
Project("{FAE04EC0-301F-11D3-BF4B-00C04F79EFBC}") = "DataAccess", "DataAccess\DataAccess.csproj", "{1E78FB23-7F7A-40F1-95F3-78B84E5560F8}"
EndProject
Global
	GlobalSection(SolutionConfigurationPlatforms) = preSolution
		Debug|Any CPU = Debug|Any CPU
		Release|Any CPU = Release|Any CPU
	EndGlobalSection
	GlobalSection(ProjectConfigurationPlatforms) = postSolution
		{4A0F8180-D691-42C7-AD57-344D21E2AB03}.Debug|Any CPU.ActiveCfg = Debug|Any CPU
		{4A0F8180-D691-42C7-AD57-344D21E2AB03}.Debug|Any CPU.Build.0 = Debug|Any CPU
		{4A0F8180-D691-42C7-AD57-344D21E2AB03}.Release|Any CPU.ActiveCfg = Release|Any CPU
		{4A0F8180-D691-42C7-AD57-344D21E2AB03}.Release|Any CPU.Build.0 = Release|Any CPU
		{1E78FB23-7F7A-40F1-95F3-78B84E5560F8}.Debug|Any CPU.ActiveCfg = Debug|Any CPU
		{1E78FB23-7F7A-40F1-95F3-78B84E5560F8}.Debug|Any CPU.Build.0 = Debug|Any CPU
		{1E78FB23-7F7A-40F1-95F3-78B84E5560F8}.Release|Any CPU.ActiveCfg = Release|Any CPU
		{1E78FB23-7F7A-40F1-95F3-78B84E5560F8}.Release|Any CPU.Build.0 = Release|Any CPU
	EndGlobalSection
	GlobalSection(SolutionProperties) = preSolution
		HideSolutionNode = FALSE
	EndGlobalSection
	GlobalSection(ExtensibilityGlobals) = postSolution
		SolutionGuid = {F8C99698-4A29-4263-BDA1-A0278A462BDA}
	EndGlobalSection
EndGlobal
